<?xml version="1.0" encoding="utf-8"?>
<Project ToolsVersion="4.0" xmlns="http://schemas.microsoft.com/developer/msbuild/2003">
  <ItemGroup>
    <Filter Include="ソース ファイル">
      <UniqueIdentifier>{4FC737F1-C7A5-4376-A066-2A32D752A2FF}</UniqueIdentifier>
      <Extensions>cpp;c;cc;cxx;c++;cppm;ixx;def;odl;idl;hpj;bat;asm;asmx</Extensions>
    </Filter>
    <Filter Include="リソース ファイル">
      <UniqueIdentifier>{67DA6AB6-F800-4c08-8B7A-83BB121AAD01}</UniqueIdentifier>
      <Extensions>rc;ico;cur;bmp;dlg;rc2;rct;bin;rgs;gif;jpg;jpeg;jpe;resx;tiff;tif;png;wav;mfcribbon-ms</Extensions>
    </Filter>
    <Filter Include="ソース ファイル\Engine">
      <UniqueIdentifier>{d7d3cf1c-a713-478c-b9ce-60c854532f03}</UniqueIdentifier>
    </Filter>
    <Filter Include="ソース ファイル\App">
      <UniqueIdentifier>{ead9b371-0fb9-4231-a5b5-468c6b8328db}</UniqueIdentifier>
    </Filter>
    <Filter Include="ソース ファイル\Engine\OS">
      <UniqueIdentifier>{d934a3e3-6437-46cd-a37b-184b020772dd}</UniqueIdentifier>
    </Filter>
    <Filter Include="ソース ファイル\Engine\Renderer">
      <UniqueIdentifier>{5508221e-d4ec-485e-977f-368366788c48}</UniqueIdentifier>
    </Filter>
    <Filter Include="ソース ファイル\Engine\Renderer\D3D11">
      <UniqueIdentifier>{9b9a42b2-ef2a-4c91-9aa3-93ad1d280d61}</UniqueIdentifier>
    </Filter>
    <Filter Include="ソース ファイル\Engine\ECS">
      <UniqueIdentifier>{2383689e-b6f9-49c4-bcca-b62dd6e88cfd}</UniqueIdentifier>
    </Filter>
    <Filter Include="ソース ファイル\Engine\OS\Win">
      <UniqueIdentifier>{aae6bfcb-766f-4a6e-8fae-e3a93e78187b}</UniqueIdentifier>
    </Filter>
    <Filter Include="ソース ファイル\Engine\Utility">
      <UniqueIdentifier>{f5cd26ab-9336-4245-a031-2bde663e8560}</UniqueIdentifier>
    </Filter>
    <Filter Include="ソース ファイル\Engine\Renderer\Base">
      <UniqueIdentifier>{eddc0bd3-b4c5-4022-94c1-66a5bdf8eec8}</UniqueIdentifier>
    </Filter>
    <Filter Include="ソース ファイル\Engine\OS\Base">
      <UniqueIdentifier>{6cbf7f0b-95cb-49be-82ba-2b061f29d3a0}</UniqueIdentifier>
    </Filter>
    <Filter Include="ソース ファイル\Engine\ECS\Base">
      <UniqueIdentifier>{11f7fb88-9054-4476-9cfd-7734a5053535}</UniqueIdentifier>
    </Filter>
    <Filter Include="ソース ファイル\Engine\ECS\System">
      <UniqueIdentifier>{3724df73-1913-4039-b877-77af97bd7801}</UniqueIdentifier>
    </Filter>
    <Filter Include="ソース ファイル\App\World">
      <UniqueIdentifier>{16be55d3-8663-474c-a573-95537b729c76}</UniqueIdentifier>
    </Filter>
    <Filter Include="ソース ファイル\Engine\ECS\ComponentData">
      <UniqueIdentifier>{8746229e-a409-4c60-8a7f-482160434be1}</UniqueIdentifier>
    </Filter>
    <Filter Include="リソース ファイル\Shader">
      <UniqueIdentifier>{000099c2-a61b-4f2a-802c-952a2a6ffce3}</UniqueIdentifier>
    </Filter>
  </ItemGroup>
  <ItemGroup>
    <ClCompile Include="source\App\main.cpp">
      <Filter>ソース ファイル\App</Filter>
    </ClCompile>
    <ClCompile Include="source\Engine\Engine.cpp">
      <Filter>ソース ファイル\Engine</Filter>
    </ClCompile>
    <ClCompile Include="source\Engine\OS\Win\WindowsWindow.cpp">
      <Filter>ソース ファイル\Engine\OS\Win</Filter>
    </ClCompile>
    <ClCompile Include="source\Engine\ECS\Base\WorldManager.cpp">
      <Filter>ソース ファイル\Engine\ECS\Base</Filter>
    </ClCompile>
    <ClCompile Include="source\Engine\Renderer\D3D11\D3D11RendererManager.cpp">
      <Filter>ソース ファイル\Engine\Renderer\D3D11</Filter>
    </ClCompile>
    <ClCompile Include="source\Engine\Renderer\D3D11\D3D11Shader.cpp">
      <Filter>ソース ファイル\Engine\Renderer\D3D11</Filter>
    </ClCompile>
    <ClCompile Include="source\Engine\Renderer\Base\RendererManager.cpp">
      <Filter>ソース ファイル\Engine\Renderer\Base</Filter>
    </ClCompile>
    <ClCompile Include="source\Engine\OS\Base\WindowManager.cpp">
      <Filter>ソース ファイル\Engine\OS\Base</Filter>
    </ClCompile>
    <ClCompile Include="source\Engine\Renderer\Base\Material.cpp">
      <Filter>ソース ファイル\Engine\Renderer\Base</Filter>
    </ClCompile>
    <ClCompile Include="source\Engine\Renderer\Base\Shader.cpp">
      <Filter>ソース ファイル\Engine\Renderer\Base</Filter>
    </ClCompile>
    <ClCompile Include="source\Engine\Renderer\D3D11\D3D11Material.cpp">
      <Filter>ソース ファイル\Engine\Renderer\D3D11</Filter>
    </ClCompile>
    <ClCompile Include="source\Engine\Renderer\D3D11\D3D11RenderBuffer.cpp">
      <Filter>ソース ファイル\Engine\Renderer\D3D11</Filter>
    </ClCompile>
    <ClCompile Include="source\Engine\ECS\Base\Chunk.cpp">
      <Filter>ソース ファイル\Engine\ECS\Base</Filter>
    </ClCompile>
    <ClCompile Include="source\Engine\ECS\Base\World.cpp">
      <Filter>ソース ファイル\Engine\ECS\Base</Filter>
    </ClCompile>
    <ClCompile Include="source\Engine\ECS\Base\EntityManager.cpp">
      <Filter>ソース ファイル\Engine\ECS\Base</Filter>
    </ClCompile>
    <ClCompile Include="source\Engine\ECS\Base\SystemBase.cpp">
      <Filter>ソース ファイル\Engine\ECS\Base</Filter>
    </ClCompile>
    <ClCompile Include="source\App\World\DevelopWorld.cpp">
      <Filter>ソース ファイル\App\World</Filter>
    </ClCompile>
    <ClCompile Include="source\Engine\ECS\System\TransformSystem.cpp">
      <Filter>ソース ファイル\Engine\ECS\System</Filter>
    </ClCompile>
    <ClCompile Include="source\Engine\ECS\System\RenderingSystem.cpp">
      <Filter>ソース ファイル\Engine\ECS\System</Filter>
    </ClCompile>
  </ItemGroup>
  <ItemGroup>
    <ClInclude Include="source\Engine\Engine.h">
      <Filter>ソース ファイル\Engine</Filter>
    </ClInclude>
    <ClInclude Include="resource.h">
      <Filter>リソース ファイル</Filter>
    </ClInclude>
    <ClInclude Include="source\Engine\OS\Win\WindowsWindow.h">
      <Filter>ソース ファイル\Engine\OS\Win</Filter>
    </ClInclude>
    <ClInclude Include="source\Engine\Utility\Singleton.h">
      <Filter>ソース ファイル\Engine\Utility</Filter>
    </ClInclude>
    <ClInclude Include="source\Engine\ECS\Base\WorldManager.h">
      <Filter>ソース ファイル\Engine\ECS\Base</Filter>
    </ClInclude>
    <ClInclude Include="source\Engine\Renderer\D3D11\D3D11RendererManager.h">
      <Filter>ソース ファイル\Engine\Renderer\D3D11</Filter>
    </ClInclude>
    <ClInclude Include="source\Engine\Renderer\Base\D3DUtility.h">
      <Filter>ソース ファイル\Engine\Renderer\Base</Filter>
    </ClInclude>
    <ClInclude Include="source\Engine\Renderer\D3D11\D3D11Shader.h">
      <Filter>ソース ファイル\Engine\Renderer\D3D11</Filter>
    </ClInclude>
    <ClInclude Include="source\Engine\Utility\HashUtil.h">
      <Filter>ソース ファイル\Engine\Utility</Filter>
    </ClInclude>
    <ClInclude Include="source\Engine\Renderer\Base\Material.h">
      <Filter>ソース ファイル\Engine\Renderer\Base</Filter>
    </ClInclude>
    <ClInclude Include="source\Engine\Renderer\Base\Shader.h">
      <Filter>ソース ファイル\Engine\Renderer\Base</Filter>
    </ClInclude>
    <ClInclude Include="source\Engine\Renderer\Base\RendererManager.h">
      <Filter>ソース ファイル\Engine\Renderer\Base</Filter>
    </ClInclude>
    <ClInclude Include="source\Engine\OS\Base\WindowManager.h">
      <Filter>ソース ファイル\Engine\OS\Base</Filter>
    </ClInclude>
    <ClInclude Include="source\Engine\Renderer\Base\CommonState.h">
      <Filter>ソース ファイル\Engine\Renderer\Base</Filter>
    </ClInclude>
    <ClInclude Include="source\Engine\Renderer\Base\Texture.h">
      <Filter>ソース ファイル\Engine\Renderer\Base</Filter>
    </ClInclude>
    <ClInclude Include="source\Engine\Renderer\D3D11\D3D11Material.h">
      <Filter>ソース ファイル\Engine\Renderer\D3D11</Filter>
    </ClInclude>
    <ClInclude Include="source\Engine\Renderer\D3D11\D3D11Utility.h">
      <Filter>ソース ファイル\Engine\Renderer\D3D11</Filter>
    </ClInclude>
    <ClInclude Include="source\Engine\Utility\Mathf.h">
      <Filter>ソース ファイル\Engine\Utility</Filter>
    </ClInclude>
    <ClInclude Include="source\Engine\Renderer\Base\Mesh.h">
      <Filter>ソース ファイル\Engine\Renderer\Base</Filter>
    </ClInclude>
    <ClInclude Include="source\Engine\Renderer\Base\Vertex.h">
      <Filter>ソース ファイル\Engine\Renderer\Base</Filter>
    </ClInclude>
    <ClInclude Include="source\Engine\Renderer\Base\RenderBuffer.h">
      <Filter>ソース ファイル\Engine\Renderer\Base</Filter>
    </ClInclude>
    <ClInclude Include="source\Engine\Renderer\D3D11\D3D11RenderBuffer.h">
      <Filter>ソース ファイル\Engine\Renderer\D3D11</Filter>
    </ClInclude>
    <ClInclude Include="source\Engine\ECS\Base\TypeInfo.h">
      <Filter>ソース ファイル\Engine\ECS\Base</Filter>
    </ClInclude>
    <ClInclude Include="source\Engine\ECS\Base\BinaryStream.h">
      <Filter>ソース ファイル\Engine\ECS\Base</Filter>
    </ClInclude>
    <ClInclude Include="source\Engine\ECS\Base\IComponentData.h">
      <Filter>ソース ファイル\Engine\ECS\Base</Filter>
    </ClInclude>
    <ClInclude Include="source\Engine\ECS\Base\ComponentArray.h">
      <Filter>ソース ファイル\Engine\ECS\Base</Filter>
    </ClInclude>
    <ClInclude Include="source\Engine\ECS\Base\Archetype.h">
      <Filter>ソース ファイル\Engine\ECS\Base</Filter>
    </ClInclude>
    <ClInclude Include="source\Engine\ECS\Base\Chunk.h">
      <Filter>ソース ファイル\Engine\ECS\Base</Filter>
    </ClInclude>
    <ClInclude Include="source\Engine\ECS\Base\World.h">
      <Filter>ソース ファイル\Engine\ECS\Base</Filter>
    </ClInclude>
    <ClInclude Include="source\Engine\ECS\Base\EntityManager.h">
      <Filter>ソース ファイル\Engine\ECS\Base</Filter>
    </ClInclude>
    <ClInclude Include="source\Engine\ECS\Base\SystemBase.h">
      <Filter>ソース ファイル\Engine\ECS\Base</Filter>
    </ClInclude>
    <ClInclude Include="source\App\World\DevelopWorld.h">
      <Filter>ソース ファイル\App\World</Filter>
    </ClInclude>
    <ClInclude Include="source\Engine\ECS\System\TransformSystem.h">
      <Filter>ソース ファイル\Engine\ECS\System</Filter>
    </ClInclude>
    <ClInclude Include="source\Engine\ECS\System\RenderingSystem.h">
      <Filter>ソース ファイル\Engine\ECS\System</Filter>
    </ClInclude>
    <ClInclude Include="source\Engine\ECS\ComponentData\TransformComponentData.h">
      <Filter>ソース ファイル\Engine\ECS\ComponentData</Filter>
    </ClInclude>
    <ClInclude Include="source\Engine\ECS\ComponentData\RenderingComponentData.h">
      <Filter>ソース ファイル\Engine\ECS\ComponentData</Filter>
    </ClInclude>
  </ItemGroup>
  <ItemGroup>
    <ResourceCompile Include="ECSEngine.rc">
      <Filter>リソース ファイル</Filter>
    </ResourceCompile>
  </ItemGroup>
  <ItemGroup>
    <Image Include="icon1.ico">
      <Filter>リソース ファイル</Filter>
    </Image>
  </ItemGroup>
  <ItemGroup>
    <FxCompile Include="data\shader\Test2D_PS.hlsl">
      <Filter>リソース ファイル\Shader</Filter>
    </FxCompile>
    <FxCompile Include="data\shader\Test2D_VS.hlsl">
      <Filter>リソース ファイル\Shader</Filter>
    </FxCompile>
    <FxCompile Include="data\shader\Unlit_PS.hlsl">
      <Filter>リソース ファイル\Shader</Filter>
    </FxCompile>
    <FxCompile Include="data\shader\Unlit_VS.hlsl">
      <Filter>リソース ファイル\Shader</Filter>
    </FxCompile>
  </ItemGroup>
  <ItemGroup>
    <None Include="data\shader\Common.hlsli">
      <Filter>リソース ファイル\Shader</Filter>
    </None>
  </ItemGroup>
</Project>